// !$*UTF8*$!
{
	archiveVersion = 1;
	classes = {
	};
	objectVersion = 46;
	objects = {

/* Begin PBXBuildFile section */
		5416DE08169206CD006AFB37 /* junction11pad.png in Resources */ = {isa = PBXBuildFile; fileRef = 5416DE06169206CD006AFB37 /* junction11pad.png */; };
		5416DE09169206CD006AFB37 /* junction11pad@2x.png in Resources */ = {isa = PBXBuildFile; fileRef = 5416DE07169206CD006AFB37 /* junction11pad@2x.png */; };
		5416DE0D16920ED6006AFB37 /* borderpad.png in Resources */ = {isa = PBXBuildFile; fileRef = 5416DE0B16920ED6006AFB37 /* borderpad.png */; };
		5416DE0E16920ED6006AFB37 /* borderpad@2x.png in Resources */ = {isa = PBXBuildFile; fileRef = 5416DE0C16920ED6006AFB37 /* borderpad@2x.png */; };
		5416DE2F169216BF006AFB37 /* Default-568h@2x.png in Resources */ = {isa = PBXBuildFile; fileRef = 5416DE2C169216BE006AFB37 /* Default-568h@2x.png */; };
		5416DE30169216BF006AFB37 /* Default.png in Resources */ = {isa = PBXBuildFile; fileRef = 5416DE2D169216BF006AFB37 /* Default.png */; };
		5416DE31169216BF006AFB37 /* Default@2x.png in Resources */ = {isa = PBXBuildFile; fileRef = 5416DE2E169216BF006AFB37 /* Default@2x.png */; };
		5416DE36169216EE006AFB37 /* Default-Landscape@2x~ipad.png in Resources */ = {isa = PBXBuildFile; fileRef = 5416DE32169216EE006AFB37 /* Default-Landscape@2x~ipad.png */; };
		5416DE37169216EE006AFB37 /* Default-Landscape~ipad.png in Resources */ = {isa = PBXBuildFile; fileRef = 5416DE33169216EE006AFB37 /* Default-Landscape~ipad.png */; };
		5416DE38169216EE006AFB37 /* Default-Portrait@2x~ipad.png in Resources */ = {isa = PBXBuildFile; fileRef = 5416DE34169216EE006AFB37 /* Default-Portrait@2x~ipad.png */; };
		5416DE39169216EE006AFB37 /* Default-Portrait~ipad.png in Resources */ = {isa = PBXBuildFile; fileRef = 5416DE35169216EE006AFB37 /* Default-Portrait~ipad.png */; };
		5416DE3E169216FD006AFB37 /* icon_57.png in Resources */ = {isa = PBXBuildFile; fileRef = 5416DE3A169216FD006AFB37 /* icon_57.png */; };
		5416DE3F169216FD006AFB37 /* icon_72.png in Resources */ = {isa = PBXBuildFile; fileRef = 5416DE3B169216FD006AFB37 /* icon_72.png */; };
		5416DE40169216FD006AFB37 /* icon_114.png in Resources */ = {isa = PBXBuildFile; fileRef = 5416DE3C169216FD006AFB37 /* icon_114.png */; };
		5416DE41169216FD006AFB37 /* icon_144.png in Resources */ = {isa = PBXBuildFile; fileRef = 5416DE3D169216FD006AFB37 /* icon_144.png */; };
		541E2C15168DD4CF00479CCF /* superNotification.caf in Resources */ = {isa = PBXBuildFile; fileRef = 541E2C14168DD4CF00479CCF /* superNotification.caf */; };
		541E2C1C168DE7DD00479CCF /* WebRadioStream.m in Sources */ = {isa = PBXBuildFile; fileRef = 541E2C1B168DE7DD00479CCF /* WebRadioStream.m */; };
		541E2C1E168DE86E00479CCF /* AVFoundation.framework in Frameworks */ = {isa = PBXBuildFile; fileRef = 541E2C1D168DE86E00479CCF /* AVFoundation.framework */; };
		5420157B1691F7BA00381AD8 /* border.png in Resources */ = {isa = PBXBuildFile; fileRef = 542015791691F7BA00381AD8 /* border.png */; };
		5420157C1691F7BA00381AD8 /* border@2x.png in Resources */ = {isa = PBXBuildFile; fileRef = 5420157A1691F7BA00381AD8 /* border@2x.png */; };
		5436B56D168F1C7300590FD9 /* Shoutbox.m in Sources */ = {isa = PBXBuildFile; fileRef = 5436B56C168F1C7300590FD9 /* Shoutbox.m */; };
		5436B576168F257900590FD9 /* ShoutboxViewController.m in Sources */ = {isa = PBXBuildFile; fileRef = 5436B575168F257900590FD9 /* ShoutboxViewController.m */; };
		5436B579168F293F00590FD9 /* CustomButtons.m in Sources */ = {isa = PBXBuildFile; fileRef = 5436B578168F293F00590FD9 /* CustomButtons.m */; };
		5436B584168F3DEA00590FD9 /* green.png in Resources */ = {isa = PBXBuildFile; fileRef = 5436B582168F3DEA00590FD9 /* green.png */; };
		5436B585168F3DEA00590FD9 /* green@2x.png in Resources */ = {isa = PBXBuildFile; fileRef = 5436B583168F3DEA00590FD9 /* green@2x.png */; };
		5436B588168F3E7600590FD9 /* greenDark.png in Resources */ = {isa = PBXBuildFile; fileRef = 5436B586168F3E7500590FD9 /* greenDark.png */; };
		5436B589168F3E7600590FD9 /* greenDark@2x.png in Resources */ = {isa = PBXBuildFile; fileRef = 5436B587168F3E7600590FD9 /* greenDark@2x.png */; };
		5436B592168F3FD500590FD9 /* red.png in Resources */ = {isa = PBXBuildFile; fileRef = 5436B58A168F3FD500590FD9 /* red.png */; };
		5436B593168F3FD500590FD9 /* red@2x.png in Resources */ = {isa = PBXBuildFile; fileRef = 5436B58B168F3FD500590FD9 /* red@2x.png */; };
		5436B594168F3FD500590FD9 /* redDark.png in Resources */ = {isa = PBXBuildFile; fileRef = 5436B58C168F3FD500590FD9 /* redDark.png */; };
		5436B595168F3FD500590FD9 /* redDark@2x.png in Resources */ = {isa = PBXBuildFile; fileRef = 5436B58D168F3FD500590FD9 /* redDark@2x.png */; };
		5436B596168F3FD500590FD9 /* white.png in Resources */ = {isa = PBXBuildFile; fileRef = 5436B58E168F3FD500590FD9 /* white.png */; };
		5436B597168F3FD500590FD9 /* white@2x.png in Resources */ = {isa = PBXBuildFile; fileRef = 5436B58F168F3FD500590FD9 /* white@2x.png */; };
		5436B598168F3FD500590FD9 /* whiteDark.png in Resources */ = {isa = PBXBuildFile; fileRef = 5436B590168F3FD500590FD9 /* whiteDark.png */; };
		5436B599168F3FD500590FD9 /* whiteDark@2x.png in Resources */ = {isa = PBXBuildFile; fileRef = 5436B591168F3FD500590FD9 /* whiteDark@2x.png */; };
		543C52D3168C83780079AB2C /* safariIcon.png in Resources */ = {isa = PBXBuildFile; fileRef = 543C52CF168C83780079AB2C /* safariIcon.png */; };
		543C52D4168C83780079AB2C /* safariIcon@2x.png in Resources */ = {isa = PBXBuildFile; fileRef = 543C52D0168C83780079AB2C /* safariIcon@2x.png */; };
		543C52D5168C83780079AB2C /* safariIconLarge.png in Resources */ = {isa = PBXBuildFile; fileRef = 543C52D1168C83780079AB2C /* safariIconLarge.png */; };
		543C52D6168C83780079AB2C /* safariIconLarge@2x.png in Resources */ = {isa = PBXBuildFile; fileRef = 543C52D2168C83780079AB2C /* safariIconLarge@2x.png */; };
		543C52DB168C84020079AB2C /* facebook.png in Resources */ = {isa = PBXBuildFile; fileRef = 543C52D7168C84020079AB2C /* facebook.png */; };
		543C52DC168C84020079AB2C /* facebook@2x.png in Resources */ = {isa = PBXBuildFile; fileRef = 543C52D8168C84020079AB2C /* facebook@2x.png */; };
		543C52DD168C84020079AB2C /* facebookLarge.png in Resources */ = {isa = PBXBuildFile; fileRef = 543C52D9168C84020079AB2C /* facebookLarge.png */; };
		543C52DE168C84020079AB2C /* facebookLarge@2x.png in Resources */ = {isa = PBXBuildFile; fileRef = 543C52DA168C84020079AB2C /* facebookLarge@2x.png */; };
		543C52E4168CFC190079AB2C /* ScheduleNavigationController.m in Sources */ = {isa = PBXBuildFile; fileRef = 543C52E3168CFC190079AB2C /* ScheduleNavigationController.m */; };
		5457347716823953006459B8 /* UIKit.framework in Frameworks */ = {isa = PBXBuildFile; fileRef = 5457347616823953006459B8 /* UIKit.framework */; };
		5457347916823953006459B8 /* Foundation.framework in Frameworks */ = {isa = PBXBuildFile; fileRef = 5457347816823953006459B8 /* Foundation.framework */; };
		5457347B16823953006459B8 /* CoreGraphics.framework in Frameworks */ = {isa = PBXBuildFile; fileRef = 5457347A16823953006459B8 /* CoreGraphics.framework */; };
		5457348116823953006459B8 /* InfoPlist.strings in Resources */ = {isa = PBXBuildFile; fileRef = 5457347F16823953006459B8 /* InfoPlist.strings */; };
		5457348316823953006459B8 /* main.m in Sources */ = {isa = PBXBuildFile; fileRef = 5457348216823953006459B8 /* main.m */; };
		5457348716823953006459B8 /* AppDelegate.m in Sources */ = {isa = PBXBuildFile; fileRef = 5457348616823953006459B8 /* AppDelegate.m */; };
		5457349016823953006459B8 /* MainStoryboard_iPhone.storyboard in Resources */ = {isa = PBXBuildFile; fileRef = 5457348E16823953006459B8 /* MainStoryboard_iPhone.storyboard */; };
		5457349316823953006459B8 /* MainStoryboard_iPad.storyboard in Resources */ = {isa = PBXBuildFile; fileRef = 5457349116823953006459B8 /* MainStoryboard_iPad.storyboard */; };
		5457349616823953006459B8 /* ViewController.m in Sources */ = {isa = PBXBuildFile; fileRef = 5457349516823953006459B8 /* ViewController.m */; };
		54917372168D2561003A60C0 /* NotificationsViewController.m in Sources */ = {isa = PBXBuildFile; fileRef = 54917371168D2561003A60C0 /* NotificationsViewController.m */; };
		54917375168D28C8003A60C0 /* NotificationNavigationController.m in Sources */ = {isa = PBXBuildFile; fileRef = 54917374168D28C8003A60C0 /* NotificationNavigationController.m */; };
		54BE4316168B103100173763 /* MainViewController.m in Sources */ = {isa = PBXBuildFile; fileRef = 54BE4315168B103100173763 /* MainViewController.m */; };
		54BE431D168B117D00173763 /* OptionsViewController.m in Sources */ = {isa = PBXBuildFile; fileRef = 54BE431C168B117D00173763 /* OptionsViewController.m */; };
		54BE431F168B11BF00173763 /* QuartzCore.framework in Frameworks */ = {isa = PBXBuildFile; fileRef = 54BE431E168B11BF00173763 /* QuartzCore.framework */; };
		54BE4321168B172B00173763 /* not_found.jpg in Resources */ = {isa = PBXBuildFile; fileRef = 54BE4320168B172B00173763 /* not_found.jpg */; };
		54BE4324168B1A4600173763 /* OptionsMenuViewController.m in Sources */ = {isa = PBXBuildFile; fileRef = 54BE4323168B1A4600173763 /* OptionsMenuViewController.m */; };
		54BE432B168B1BE500173763 /* ScheduleViewController.m in Sources */ = {isa = PBXBuildFile; fileRef = 54BE432A168B1BE500173763 /* ScheduleViewController.m */; };
		54BE4340168B223900173763 /* cal.png in Resources */ = {isa = PBXBuildFile; fileRef = 54BE433E168B223900173763 /* cal.png */; };
		54BE4341168B223900173763 /* cal@2x.png in Resources */ = {isa = PBXBuildFile; fileRef = 54BE433F168B223900173763 /* cal@2x.png */; };
		54BE4344168B2A8A00173763 /* Schedule.m in Sources */ = {isa = PBXBuildFile; fileRef = 54BE4343168B2A8A00173763 /* Schedule.m */; };
		54BE4347168B363000173763 /* ShowViewController.m in Sources */ = {isa = PBXBuildFile; fileRef = 54BE4346168B363000173763 /* ShowViewController.m */; };
		54E3DCB61694A035001B2B2C /* MessageUI.framework in Frameworks */ = {isa = PBXBuildFile; fileRef = 54E3DCB51694A035001B2B2C /* MessageUI.framework */; };
		54F4A2F216909804007CB9B1 /* junction11.png in Resources */ = {isa = PBXBuildFile; fileRef = 54F4A2F016909804007CB9B1 /* junction11.png */; };
		54F4A2F316909804007CB9B1 /* junction11@2x.png in Resources */ = {isa = PBXBuildFile; fileRef = 54F4A2F116909804007CB9B1 /* junction11@2x.png */; };
/* End PBXBuildFile section */

/* Begin PBXFileReference section */
		5416DE06169206CD006AFB37 /* junction11pad.png */ = {isa = PBXFileReference; lastKnownFileType = image.png; path = junction11pad.png; sourceTree = "<group>"; };
		5416DE07169206CD006AFB37 /* junction11pad@2x.png */ = {isa = PBXFileReference; lastKnownFileType = image.png; path = "junction11pad@2x.png"; sourceTree = "<group>"; };
		5416DE0B16920ED6006AFB37 /* borderpad.png */ = {isa = PBXFileReference; lastKnownFileType = image.png; path = borderpad.png; sourceTree = "<group>"; };
		5416DE0C16920ED6006AFB37 /* borderpad@2x.png */ = {isa = PBXFileReference; lastKnownFileType = image.png; path = "borderpad@2x.png"; sourceTree = "<group>"; };
		5416DE2C169216BE006AFB37 /* Default-568h@2x.png */ = {isa = PBXFileReference; lastKnownFileType = image.png; path = "Default-568h@2x.png"; sourceTree = "<group>"; };
		5416DE2D169216BF006AFB37 /* Default.png */ = {isa = PBXFileReference; lastKnownFileType = image.png; path = Default.png; sourceTree = "<group>"; };
		5416DE2E169216BF006AFB37 /* Default@2x.png */ = {isa = PBXFileReference; lastKnownFileType = image.png; path = "Default@2x.png"; sourceTree = "<group>"; };
		5416DE32169216EE006AFB37 /* Default-Landscape@2x~ipad.png */ = {isa = PBXFileReference; lastKnownFileType = image.png; path = "Default-Landscape@2x~ipad.png"; sourceTree = "<group>"; };
		5416DE33169216EE006AFB37 /* Default-Landscape~ipad.png */ = {isa = PBXFileReference; lastKnownFileType = image.png; path = "Default-Landscape~ipad.png"; sourceTree = "<group>"; };
		5416DE34169216EE006AFB37 /* Default-Portrait@2x~ipad.png */ = {isa = PBXFileReference; lastKnownFileType = image.png; path = "Default-Portrait@2x~ipad.png"; sourceTree = "<group>"; };
		5416DE35169216EE006AFB37 /* Default-Portrait~ipad.png */ = {isa = PBXFileReference; lastKnownFileType = image.png; path = "Default-Portrait~ipad.png"; sourceTree = "<group>"; };
		5416DE3A169216FD006AFB37 /* icon_57.png */ = {isa = PBXFileReference; lastKnownFileType = image.png; path = icon_57.png; sourceTree = "<group>"; };
		5416DE3B169216FD006AFB37 /* icon_72.png */ = {isa = PBXFileReference; lastKnownFileType = image.png; path = icon_72.png; sourceTree = "<group>"; };
		5416DE3C169216FD006AFB37 /* icon_114.png */ = {isa = PBXFileReference; lastKnownFileType = image.png; path = icon_114.png; sourceTree = "<group>"; };
		5416DE3D169216FD006AFB37 /* icon_144.png */ = {isa = PBXFileReference; lastKnownFileType = image.png; path = icon_144.png; sourceTree = "<group>"; };
		541E2C14168DD4CF00479CCF /* superNotification.caf */ = {isa = PBXFileReference; lastKnownFileType = file; path = superNotification.caf; sourceTree = "<group>"; };
		541E2C1A168DE7DD00479CCF /* WebRadioStream.h */ = {isa = PBXFileReference; fileEncoding = 4; lastKnownFileType = sourcecode.c.h; path = WebRadioStream.h; sourceTree = "<group>"; };
		541E2C1B168DE7DD00479CCF /* WebRadioStream.m */ = {isa = PBXFileReference; fileEncoding = 4; lastKnownFileType = sourcecode.c.objc; path = WebRadioStream.m; sourceTree = "<group>"; };
		541E2C1D168DE86E00479CCF /* AVFoundation.framework */ = {isa = PBXFileReference; lastKnownFileType = wrapper.framework; name = AVFoundation.framework; path = System/Library/Frameworks/AVFoundation.framework; sourceTree = SDKROOT; };
		542015791691F7BA00381AD8 /* border.png */ = {isa = PBXFileReference; lastKnownFileType = image.png; path = border.png; sourceTree = "<group>"; };
		5420157A1691F7BA00381AD8 /* border@2x.png */ = {isa = PBXFileReference; lastKnownFileType = image.png; path = "border@2x.png"; sourceTree = "<group>"; };
		5436B56B168F1C7300590FD9 /* Shoutbox.h */ = {isa = PBXFileReference; fileEncoding = 4; lastKnownFileType = sourcecode.c.h; path = Shoutbox.h; sourceTree = "<group>"; };
		5436B56C168F1C7300590FD9 /* Shoutbox.m */ = {isa = PBXFileReference; fileEncoding = 4; lastKnownFileType = sourcecode.c.objc; path = Shoutbox.m; sourceTree = "<group>"; };
		5436B574168F257800590FD9 /* ShoutboxViewController.h */ = {isa = PBXFileReference; fileEncoding = 4; lastKnownFileType = sourcecode.c.h; path = ShoutboxViewController.h; sourceTree = "<group>"; };
		5436B575168F257900590FD9 /* ShoutboxViewController.m */ = {isa = PBXFileReference; fileEncoding = 4; lastKnownFileType = sourcecode.c.objc; path = ShoutboxViewController.m; sourceTree = "<group>"; };
		5436B577168F293F00590FD9 /* CustomButtons.h */ = {isa = PBXFileReference; fileEncoding = 4; lastKnownFileType = sourcecode.c.h; path = CustomButtons.h; sourceTree = "<group>"; };
		5436B578168F293F00590FD9 /* CustomButtons.m */ = {isa = PBXFileReference; fileEncoding = 4; lastKnownFileType = sourcecode.c.objc; path = CustomButtons.m; sourceTree = "<group>"; };
		5436B582168F3DEA00590FD9 /* green.png */ = {isa = PBXFileReference; lastKnownFileType = image.png; path = green.png; sourceTree = "<group>"; };
		5436B583168F3DEA00590FD9 /* green@2x.png */ = {isa = PBXFileReference; lastKnownFileType = image.png; path = "green@2x.png"; sourceTree = "<group>"; };
		5436B586168F3E7500590FD9 /* greenDark.png */ = {isa = PBXFileReference; lastKnownFileType = image.png; path = greenDark.png; sourceTree = "<group>"; };
		5436B587168F3E7600590FD9 /* greenDark@2x.png */ = {isa = PBXFileReference; lastKnownFileType = image.png; path = "greenDark@2x.png"; sourceTree = "<group>"; };
		5436B58A168F3FD500590FD9 /* red.png */ = {isa = PBXFileReference; lastKnownFileType = image.png; path = red.png; sourceTree = "<group>"; };
		5436B58B168F3FD500590FD9 /* red@2x.png */ = {isa = PBXFileReference; lastKnownFileType = image.png; path = "red@2x.png"; sourceTree = "<group>"; };
		5436B58C168F3FD500590FD9 /* redDark.png */ = {isa = PBXFileReference; lastKnownFileType = image.png; path = redDark.png; sourceTree = "<group>"; };
		5436B58D168F3FD500590FD9 /* redDark@2x.png */ = {isa = PBXFileReference; lastKnownFileType = image.png; path = "redDark@2x.png"; sourceTree = "<group>"; };
		5436B58E168F3FD500590FD9 /* white.png */ = {isa = PBXFileReference; lastKnownFileType = image.png; path = white.png; sourceTree = "<group>"; };
		5436B58F168F3FD500590FD9 /* white@2x.png */ = {isa = PBXFileReference; lastKnownFileType = image.png; path = "white@2x.png"; sourceTree = "<group>"; };
		5436B590168F3FD500590FD9 /* whiteDark.png */ = {isa = PBXFileReference; lastKnownFileType = image.png; path = whiteDark.png; sourceTree = "<group>"; };
		5436B591168F3FD500590FD9 /* whiteDark@2x.png */ = {isa = PBXFileReference; lastKnownFileType = image.png; path = "whiteDark@2x.png"; sourceTree = "<group>"; };
		543C52CF168C83780079AB2C /* safariIcon.png */ = {isa = PBXFileReference; lastKnownFileType = image.png; path = safariIcon.png; sourceTree = "<group>"; };
		543C52D0168C83780079AB2C /* safariIcon@2x.png */ = {isa = PBXFileReference; lastKnownFileType = image.png; path = "safariIcon@2x.png"; sourceTree = "<group>"; };
		543C52D1168C83780079AB2C /* safariIconLarge.png */ = {isa = PBXFileReference; lastKnownFileType = image.png; path = safariIconLarge.png; sourceTree = "<group>"; };
		543C52D2168C83780079AB2C /* safariIconLarge@2x.png */ = {isa = PBXFileReference; lastKnownFileType = image.png; path = "safariIconLarge@2x.png"; sourceTree = "<group>"; };
		543C52D7168C84020079AB2C /* facebook.png */ = {isa = PBXFileReference; lastKnownFileType = image.png; path = facebook.png; sourceTree = "<group>"; };
		543C52D8168C84020079AB2C /* facebook@2x.png */ = {isa = PBXFileReference; lastKnownFileType = image.png; path = "facebook@2x.png"; sourceTree = "<group>"; };
		543C52D9168C84020079AB2C /* facebookLarge.png */ = {isa = PBXFileReference; lastKnownFileType = image.png; path = facebookLarge.png; sourceTree = "<group>"; };
		543C52DA168C84020079AB2C /* facebookLarge@2x.png */ = {isa = PBXFileReference; lastKnownFileType = image.png; path = "facebookLarge@2x.png"; sourceTree = "<group>"; };
		543C52E2168CFC190079AB2C /* ScheduleNavigationController.h */ = {isa = PBXFileReference; fileEncoding = 4; lastKnownFileType = sourcecode.c.h; path = ScheduleNavigationController.h; sourceTree = "<group>"; };
		543C52E3168CFC190079AB2C /* ScheduleNavigationController.m */ = {isa = PBXFileReference; fileEncoding = 4; lastKnownFileType = sourcecode.c.objc; path = ScheduleNavigationController.m; sourceTree = "<group>"; };
		543C52E5168D14E20079AB2C /* ScheduleDataSource.h */ = {isa = PBXFileReference; lastKnownFileType = sourcecode.c.h; path = ScheduleDataSource.h; sourceTree = "<group>"; };
		5457347216823953006459B8 /* junction11.app */ = {isa = PBXFileReference; explicitFileType = wrapper.application; includeInIndex = 0; path = junction11.app; sourceTree = BUILT_PRODUCTS_DIR; };
		5457347616823953006459B8 /* UIKit.framework */ = {isa = PBXFileReference; lastKnownFileType = wrapper.framework; name = UIKit.framework; path = System/Library/Frameworks/UIKit.framework; sourceTree = SDKROOT; };
		5457347816823953006459B8 /* Foundation.framework */ = {isa = PBXFileReference; lastKnownFileType = wrapper.framework; name = Foundation.framework; path = System/Library/Frameworks/Foundation.framework; sourceTree = SDKROOT; };
		5457347A16823953006459B8 /* CoreGraphics.framework */ = {isa = PBXFileReference; lastKnownFileType = wrapper.framework; name = CoreGraphics.framework; path = System/Library/Frameworks/CoreGraphics.framework; sourceTree = SDKROOT; };
		5457347E16823953006459B8 /* junction11-Info.plist */ = {isa = PBXFileReference; lastKnownFileType = text.plist.xml; path = "junction11-Info.plist"; sourceTree = "<group>"; };
		5457348016823953006459B8 /* en */ = {isa = PBXFileReference; lastKnownFileType = text.plist.strings; name = en; path = en.lproj/InfoPlist.strings; sourceTree = "<group>"; };
		5457348216823953006459B8 /* main.m */ = {isa = PBXFileReference; lastKnownFileType = sourcecode.c.objc; path = main.m; sourceTree = "<group>"; };
		5457348416823953006459B8 /* junction11-Prefix.pch */ = {isa = PBXFileReference; lastKnownFileType = sourcecode.c.h; path = "junction11-Prefix.pch"; sourceTree = "<group>"; };
		5457348516823953006459B8 /* AppDelegate.h */ = {isa = PBXFileReference; lastKnownFileType = sourcecode.c.h; path = AppDelegate.h; sourceTree = "<group>"; };
		5457348616823953006459B8 /* AppDelegate.m */ = {isa = PBXFileReference; lastKnownFileType = sourcecode.c.objc; path = AppDelegate.m; sourceTree = "<group>"; };
		5457348816823953006459B8 /* Default.png */ = {isa = PBXFileReference; lastKnownFileType = image.png; path = Default.png; sourceTree = "<group>"; };
		5457348A16823953006459B8 /* Default@2x.png */ = {isa = PBXFileReference; lastKnownFileType = image.png; path = "Default@2x.png"; sourceTree = "<group>"; };
		5457348C16823953006459B8 /* Default-568h@2x.png */ = {isa = PBXFileReference; lastKnownFileType = image.png; path = "Default-568h@2x.png"; sourceTree = "<group>"; };
		5457348F16823953006459B8 /* en */ = {isa = PBXFileReference; lastKnownFileType = file.storyboard; name = en; path = en.lproj/MainStoryboard_iPhone.storyboard; sourceTree = "<group>"; };
		5457349216823953006459B8 /* en */ = {isa = PBXFileReference; lastKnownFileType = file.storyboard; name = en; path = en.lproj/MainStoryboard_iPad.storyboard; sourceTree = "<group>"; };
		5457349416823953006459B8 /* ViewController.h */ = {isa = PBXFileReference; lastKnownFileType = sourcecode.c.h; path = ViewController.h; sourceTree = "<group>"; };
		5457349516823953006459B8 /* ViewController.m */ = {isa = PBXFileReference; lastKnownFileType = sourcecode.c.objc; path = ViewController.m; sourceTree = "<group>"; };
		54917370168D2561003A60C0 /* NotificationsViewController.h */ = {isa = PBXFileReference; fileEncoding = 4; lastKnownFileType = sourcecode.c.h; path = NotificationsViewController.h; sourceTree = "<group>"; };
		54917371168D2561003A60C0 /* NotificationsViewController.m */ = {isa = PBXFileReference; fileEncoding = 4; lastKnownFileType = sourcecode.c.objc; path = NotificationsViewController.m; sourceTree = "<group>"; };
		54917373168D28C8003A60C0 /* NotificationNavigationController.h */ = {isa = PBXFileReference; fileEncoding = 4; lastKnownFileType = sourcecode.c.h; path = NotificationNavigationController.h; sourceTree = "<group>"; };
		54917374168D28C8003A60C0 /* NotificationNavigationController.m */ = {isa = PBXFileReference; fileEncoding = 4; lastKnownFileType = sourcecode.c.objc; path = NotificationNavigationController.m; sourceTree = "<group>"; };
		54BE4314168B103100173763 /* MainViewController.h */ = {isa = PBXFileReference; fileEncoding = 4; lastKnownFileType = sourcecode.c.h; path = MainViewController.h; sourceTree = "<group>"; };
		54BE4315168B103100173763 /* MainViewController.m */ = {isa = PBXFileReference; fileEncoding = 4; lastKnownFileType = sourcecode.c.objc; path = MainViewController.m; sourceTree = "<group>"; };
		54BE431B168B117D00173763 /* OptionsViewController.h */ = {isa = PBXFileReference; fileEncoding = 4; lastKnownFileType = sourcecode.c.h; path = OptionsViewController.h; sourceTree = "<group>"; };
		54BE431C168B117D00173763 /* OptionsViewController.m */ = {isa = PBXFileReference; fileEncoding = 4; lastKnownFileType = sourcecode.c.objc; path = OptionsViewController.m; sourceTree = "<group>"; };
		54BE431E168B11BF00173763 /* QuartzCore.framework */ = {isa = PBXFileReference; lastKnownFileType = wrapper.framework; name = QuartzCore.framework; path = System/Library/Frameworks/QuartzCore.framework; sourceTree = SDKROOT; };
		54BE4320168B172B00173763 /* not_found.jpg */ = {isa = PBXFileReference; lastKnownFileType = image.jpeg; path = not_found.jpg; sourceTree = "<group>"; };
		54BE4322168B1A4600173763 /* OptionsMenuViewController.h */ = {isa = PBXFileReference; fileEncoding = 4; lastKnownFileType = sourcecode.c.h; path = OptionsMenuViewController.h; sourceTree = "<group>"; };
		54BE4323168B1A4600173763 /* OptionsMenuViewController.m */ = {isa = PBXFileReference; fileEncoding = 4; lastKnownFileType = sourcecode.c.objc; path = OptionsMenuViewController.m; sourceTree = "<group>"; };
		54BE4329168B1BE500173763 /* ScheduleViewController.h */ = {isa = PBXFileReference; fileEncoding = 4; lastKnownFileType = sourcecode.c.h; path = ScheduleViewController.h; sourceTree = "<group>"; };
		54BE432A168B1BE500173763 /* ScheduleViewController.m */ = {isa = PBXFileReference; fileEncoding = 4; lastKnownFileType = sourcecode.c.objc; path = ScheduleViewController.m; sourceTree = "<group>"; };
		54BE433E168B223900173763 /* cal.png */ = {isa = PBXFileReference; lastKnownFileType = image.png; path = cal.png; sourceTree = "<group>"; };
		54BE433F168B223900173763 /* cal@2x.png */ = {isa = PBXFileReference; lastKnownFileType = image.png; path = "cal@2x.png"; sourceTree = "<group>"; };
		54BE4342168B2A8A00173763 /* Schedule.h */ = {isa = PBXFileReference; fileEncoding = 4; lastKnownFileType = sourcecode.c.h; path = Schedule.h; sourceTree = "<group>"; };
		54BE4343168B2A8A00173763 /* Schedule.m */ = {isa = PBXFileReference; fileEncoding = 4; lastKnownFileType = sourcecode.c.objc; path = Schedule.m; sourceTree = "<group>"; };
		54BE4345168B363000173763 /* ShowViewController.h */ = {isa = PBXFileReference; fileEncoding = 4; lastKnownFileType = sourcecode.c.h; path = ShowViewController.h; sourceTree = "<group>"; };
		54BE4346168B363000173763 /* ShowViewController.m */ = {isa = PBXFileReference; fileEncoding = 4; lastKnownFileType = sourcecode.c.objc; path = ShowViewController.m; sourceTree = "<group>"; };
		54E3DCB51694A035001B2B2C /* MessageUI.framework */ = {isa = PBXFileReference; lastKnownFileType = wrapper.framework; name = MessageUI.framework; path = System/Library/Frameworks/MessageUI.framework; sourceTree = SDKROOT; };
		54F4A2F016909804007CB9B1 /* junction11.png */ = {isa = PBXFileReference; lastKnownFileType = image.png; path = junction11.png; sourceTree = "<group>"; };
		54F4A2F116909804007CB9B1 /* junction11@2x.png */ = {isa = PBXFileReference; lastKnownFileType = image.png; path = "junction11@2x.png"; sourceTree = "<group>"; };
/* End PBXFileReference section */

/* Begin PBXFrameworksBuildPhase section */
		5457346F16823953006459B8 /* Frameworks */ = {
			isa = PBXFrameworksBuildPhase;
			buildActionMask = 2147483647;
			files = (
				54E3DCB61694A035001B2B2C /* MessageUI.framework in Frameworks */,
				541E2C1E168DE86E00479CCF /* AVFoundation.framework in Frameworks */,
				54BE431F168B11BF00173763 /* QuartzCore.framework in Frameworks */,
				5457347716823953006459B8 /* UIKit.framework in Frameworks */,
				5457347916823953006459B8 /* Foundation.framework in Frameworks */,
				5457347B16823953006459B8 /* CoreGraphics.framework in Frameworks */,
			);
			runOnlyForDeploymentPostprocessing = 0;
		};
/* End PBXFrameworksBuildPhase section */

/* Begin PBXGroup section */
		5416DE4216921730006AFB37 /* Icons & Backgrounds */ = {
			isa = PBXGroup;
			children = (
				5416DE3A169216FD006AFB37 /* icon_57.png */,
				5416DE3B169216FD006AFB37 /* icon_72.png */,
				5416DE3C169216FD006AFB37 /* icon_114.png */,
				5416DE3D169216FD006AFB37 /* icon_144.png */,
				5416DE2C169216BE006AFB37 /* Default-568h@2x.png */,
				5416DE2D169216BF006AFB37 /* Default.png */,
				5416DE2E169216BF006AFB37 /* Default@2x.png */,
				5416DE32169216EE006AFB37 /* Default-Landscape@2x~ipad.png */,
				5416DE33169216EE006AFB37 /* Default-Landscape~ipad.png */,
				5416DE34169216EE006AFB37 /* Default-Portrait@2x~ipad.png */,
				5416DE35169216EE006AFB37 /* Default-Portrait~ipad.png */,
			);
			name = "Icons & Backgrounds";
			sourceTree = "<group>";
		};
		5436B573168F256700590FD9 /* Main */ = {
			isa = PBXGroup;
			children = (
				54BE4314168B103100173763 /* MainViewController.h */,
				54BE4315168B103100173763 /* MainViewController.m */,
				5436B574168F257800590FD9 /* ShoutboxViewController.h */,
				5436B575168F257900590FD9 /* ShoutboxViewController.m */,
			);
			name = Main;
			sourceTree = "<group>";
		};
		543C52BE168C7EA50079AB2C /* Images */ = {
			isa = PBXGroup;
			children = (
				54F4A2F016909804007CB9B1 /* junction11.png */,
				54F4A2F116909804007CB9B1 /* junction11@2x.png */,
				5416DE06169206CD006AFB37 /* junction11pad.png */,
				5416DE07169206CD006AFB37 /* junction11pad@2x.png */,
				542015791691F7BA00381AD8 /* border.png */,
				5420157A1691F7BA00381AD8 /* border@2x.png */,
				5416DE0B16920ED6006AFB37 /* borderpad.png */,
				5416DE0C16920ED6006AFB37 /* borderpad@2x.png */,
				5436B582168F3DEA00590FD9 /* green.png */,
				5436B583168F3DEA00590FD9 /* green@2x.png */,
				5436B586168F3E7500590FD9 /* greenDark.png */,
				5436B587168F3E7600590FD9 /* greenDark@2x.png */,
				5436B58A168F3FD500590FD9 /* red.png */,
				5436B58B168F3FD500590FD9 /* red@2x.png */,
				5436B58C168F3FD500590FD9 /* redDark.png */,
				5436B58D168F3FD500590FD9 /* redDark@2x.png */,
				5436B58E168F3FD500590FD9 /* white.png */,
				5436B58F168F3FD500590FD9 /* white@2x.png */,
				5436B590168F3FD500590FD9 /* whiteDark.png */,
				5436B591168F3FD500590FD9 /* whiteDark@2x.png */,
				54BE4320168B172B00173763 /* not_found.jpg */,
				54BE433E168B223900173763 /* cal.png */,
				54BE433F168B223900173763 /* cal@2x.png */,
				543C52D7168C84020079AB2C /* facebook.png */,
				543C52D8168C84020079AB2C /* facebook@2x.png */,
				543C52D9168C84020079AB2C /* facebookLarge.png */,
				543C52DA168C84020079AB2C /* facebookLarge@2x.png */,
				543C52CF168C83780079AB2C /* safariIcon.png */,
				543C52D0168C83780079AB2C /* safariIcon@2x.png */,
				543C52D1168C83780079AB2C /* safariIconLarge.png */,
				543C52D2168C83780079AB2C /* safariIconLarge@2x.png */,
			);
			name = Images;
			sourceTree = "<group>";
		};
		543C52E6168D18AB0079AB2C /* Objects */ = {
			isa = PBXGroup;
			children = (
				541E2C1A168DE7DD00479CCF /* WebRadioStream.h */,
				541E2C1B168DE7DD00479CCF /* WebRadioStream.m */,
				543C52E5168D14E20079AB2C /* ScheduleDataSource.h */,
				54BE4342168B2A8A00173763 /* Schedule.h */,
				54BE4343168B2A8A00173763 /* Schedule.m */,
				5436B56B168F1C7300590FD9 /* Shoutbox.h */,
				5436B56C168F1C7300590FD9 /* Shoutbox.m */,
				5436B577168F293F00590FD9 /* CustomButtons.h */,
				5436B578168F293F00590FD9 /* CustomButtons.m */,
			);
			name = Objects;
			sourceTree = "<group>";
		};
		5457346716823953006459B8 = {
			isa = PBXGroup;
			children = (
				54E3DCB51694A035001B2B2C /* MessageUI.framework */,
				541E2C1D168DE86E00479CCF /* AVFoundation.framework */,
				54BE431E168B11BF00173763 /* QuartzCore.framework */,
				5457347C16823953006459B8 /* junction11 */,
				5457347516823953006459B8 /* Frameworks */,
				5457347316823953006459B8 /* Products */,
			);
			sourceTree = "<group>";
		};
		5457347316823953006459B8 /* Products */ = {
			isa = PBXGroup;
			children = (
				5457347216823953006459B8 /* junction11.app */,
			);
			name = Products;
			sourceTree = "<group>";
		};
		5457347516823953006459B8 /* Frameworks */ = {
			isa = PBXGroup;
			children = (
				5457347616823953006459B8 /* UIKit.framework */,
				5457347816823953006459B8 /* Foundation.framework */,
				5457347A16823953006459B8 /* CoreGraphics.framework */,
			);
			name = Frameworks;
			sourceTree = "<group>";
		};
		5457347C16823953006459B8 /* junction11 */ = {
			isa = PBXGroup;
			children = (
				5457348516823953006459B8 /* AppDelegate.h */,
				5457348616823953006459B8 /* AppDelegate.m */,
				5457348E16823953006459B8 /* MainStoryboard_iPhone.storyboard */,
				5457349116823953006459B8 /* MainStoryboard_iPad.storyboard */,
				5457349416823953006459B8 /* ViewController.h */,
				5457349516823953006459B8 /* ViewController.m */,
				543C52E6168D18AB0079AB2C /* Objects */,
				5436B573168F256700590FD9 /* Main */,
				54BE4328168B1BD600173763 /* Options */,
				54BE432F168B1C1100173763 /* Schedule */,
				543C52BE168C7EA50079AB2C /* Images */,
				5416DE4216921730006AFB37 /* Icons & Backgrounds */,
				541E2C14168DD4CF00479CCF /* superNotification.caf */,
				5457347D16823953006459B8 /* Supporting Files */,
			);
			path = junction11;
			sourceTree = "<group>";
		};
		5457347D16823953006459B8 /* Supporting Files */ = {
			isa = PBXGroup;
			children = (
				5457347E16823953006459B8 /* junction11-Info.plist */,
				5457347F16823953006459B8 /* InfoPlist.strings */,
				5457348216823953006459B8 /* main.m */,
				5457348416823953006459B8 /* junction11-Prefix.pch */,
				5457348816823953006459B8 /* Default.png */,
				5457348A16823953006459B8 /* Default@2x.png */,
				5457348C16823953006459B8 /* Default-568h@2x.png */,
			);
			name = "Supporting Files";
			sourceTree = "<group>";
		};
		54BE4328168B1BD600173763 /* Options */ = {
			isa = PBXGroup;
			children = (
				54BE4322168B1A4600173763 /* OptionsMenuViewController.h */,
				54BE4323168B1A4600173763 /* OptionsMenuViewController.m */,
				54BE431B168B117D00173763 /* OptionsViewController.h */,
				54BE431C168B117D00173763 /* OptionsViewController.m */,
				54917373168D28C8003A60C0 /* NotificationNavigationController.h */,
				54917374168D28C8003A60C0 /* NotificationNavigationController.m */,
				54917370168D2561003A60C0 /* NotificationsViewController.h */,
				54917371168D2561003A60C0 /* NotificationsViewController.m */,
			);
			name = Options;
			sourceTree = "<group>";
		};
		54BE432F168B1C1100173763 /* Schedule */ = {
			isa = PBXGroup;
			children = (
				543C52E2168CFC190079AB2C /* ScheduleNavigationController.h */,
				543C52E3168CFC190079AB2C /* ScheduleNavigationController.m */,
				54BE4329168B1BE500173763 /* ScheduleViewController.h */,
				54BE432A168B1BE500173763 /* ScheduleViewController.m */,
				54BE4345168B363000173763 /* ShowViewController.h */,
				54BE4346168B363000173763 /* ShowViewController.m */,
			);
			name = Schedule;
			sourceTree = "<group>";
		};
/* End PBXGroup section */

/* Begin PBXNativeTarget section */
		5457347116823953006459B8 /* junction11 */ = {
			isa = PBXNativeTarget;
			buildConfigurationList = 5457349916823953006459B8 /* Build configuration list for PBXNativeTarget "junction11" */;
			buildPhases = (
				5457346E16823953006459B8 /* Sources */,
				5457346F16823953006459B8 /* Frameworks */,
				5457347016823953006459B8 /* Resources */,
			);
			buildRules = (
			);
			dependencies = (
			);
			name = junction11;
			productName = junction11;
			productReference = 5457347216823953006459B8 /* junction11.app */;
			productType = "com.apple.product-type.application";
		};
/* End PBXNativeTarget section */

/* Begin PBXProject section */
		5457346916823953006459B8 /* Project object */ = {
			isa = PBXProject;
			attributes = {
				LastUpgradeCheck = 0450;
				ORGANIZATIONNAME = "Maximilian J. Zangs";
			};
			buildConfigurationList = 5457346C16823953006459B8 /* Build configuration list for PBXProject "junction11" */;
			compatibilityVersion = "Xcode 3.2";
			developmentRegion = English;
			hasScannedForEncodings = 0;
			knownRegions = (
				en,
			);
			mainGroup = 5457346716823953006459B8;
			productRefGroup = 5457347316823953006459B8 /* Products */;
			projectDirPath = "";
			projectRoot = "";
			targets = (
				5457347116823953006459B8 /* junction11 */,
			);
		};
/* End PBXProject section */

/* Begin PBXResourcesBuildPhase section */
		5457347016823953006459B8 /* Resources */ = {
			isa = PBXResourcesBuildPhase;
			buildActionMask = 2147483647;
			files = (
				5457348116823953006459B8 /* InfoPlist.strings in Resources */,
				5457349016823953006459B8 /* MainStoryboard_iPhone.storyboard in Resources */,
				5457349316823953006459B8 /* MainStoryboard_iPad.storyboard in Resources */,
				54BE4321168B172B00173763 /* not_found.jpg in Resources */,
				54BE4340168B223900173763 /* cal.png in Resources */,
				54BE4341168B223900173763 /* cal@2x.png in Resources */,
				543C52D3168C83780079AB2C /* safariIcon.png in Resources */,
				543C52D4168C83780079AB2C /* safariIcon@2x.png in Resources */,
				543C52D5168C83780079AB2C /* safariIconLarge.png in Resources */,
				543C52D6168C83780079AB2C /* safariIconLarge@2x.png in Resources */,
				543C52DB168C84020079AB2C /* facebook.png in Resources */,
				543C52DC168C84020079AB2C /* facebook@2x.png in Resources */,
				543C52DD168C84020079AB2C /* facebookLarge.png in Resources */,
				543C52DE168C84020079AB2C /* facebookLarge@2x.png in Resources */,
				541E2C15168DD4CF00479CCF /* superNotification.caf in Resources */,
				5436B584168F3DEA00590FD9 /* green.png in Resources */,
				5436B585168F3DEA00590FD9 /* green@2x.png in Resources */,
				5436B588168F3E7600590FD9 /* greenDark.png in Resources */,
				5436B589168F3E7600590FD9 /* greenDark@2x.png in Resources */,
				5436B592168F3FD500590FD9 /* red.png in Resources */,
				5436B593168F3FD500590FD9 /* red@2x.png in Resources */,
				5436B594168F3FD500590FD9 /* redDark.png in Resources */,
				5436B595168F3FD500590FD9 /* redDark@2x.png in Resources */,
				5436B596168F3FD500590FD9 /* white.png in Resources */,
				5436B597168F3FD500590FD9 /* white@2x.png in Resources */,
				5436B598168F3FD500590FD9 /* whiteDark.png in Resources */,
				5436B599168F3FD500590FD9 /* whiteDark@2x.png in Resources */,
				54F4A2F216909804007CB9B1 /* junction11.png in Resources */,
				54F4A2F316909804007CB9B1 /* junction11@2x.png in Resources */,
				5420157B1691F7BA00381AD8 /* border.png in Resources */,
				5420157C1691F7BA00381AD8 /* border@2x.png in Resources */,
				5416DE08169206CD006AFB37 /* junction11pad.png in Resources */,
				5416DE09169206CD006AFB37 /* junction11pad@2x.png in Resources */,
				5416DE0D16920ED6006AFB37 /* borderpad.png in Resources */,
				5416DE0E16920ED6006AFB37 /* borderpad@2x.png in Resources */,
				5416DE2F169216BF006AFB37 /* Default-568h@2x.png in Resources */,
				5416DE30169216BF006AFB37 /* Default.png in Resources */,
				5416DE31169216BF006AFB37 /* Default@2x.png in Resources */,
				5416DE36169216EE006AFB37 /* Default-Landscape@2x~ipad.png in Resources */,
				5416DE37169216EE006AFB37 /* Default-Landscape~ipad.png in Resources */,
				5416DE38169216EE006AFB37 /* Default-Portrait@2x~ipad.png in Resources */,
				5416DE39169216EE006AFB37 /* Default-Portrait~ipad.png in Resources */,
				5416DE3E169216FD006AFB37 /* icon_57.png in Resources */,
				5416DE3F169216FD006AFB37 /* icon_72.png in Resources */,
				5416DE40169216FD006AFB37 /* icon_114.png in Resources */,
				5416DE41169216FD006AFB37 /* icon_144.png in Resources */,
			);
			runOnlyForDeploymentPostprocessing = 0;
		};
/* End PBXResourcesBuildPhase section */

/* Begin PBXSourcesBuildPhase section */
		5457346E16823953006459B8 /* Sources */ = {
			isa = PBXSourcesBuildPhase;
			buildActionMask = 2147483647;
			files = (
				5457348316823953006459B8 /* main.m in Sources */,
				5457348716823953006459B8 /* AppDelegate.m in Sources */,
				5457349616823953006459B8 /* ViewController.m in Sources */,
				54BE4316168B103100173763 /* MainViewController.m in Sources */,
				54BE431D168B117D00173763 /* OptionsViewController.m in Sources */,
				54BE4324168B1A4600173763 /* OptionsMenuViewController.m in Sources */,
				54BE432B168B1BE500173763 /* ScheduleViewController.m in Sources */,
				54BE4344168B2A8A00173763 /* Schedule.m in Sources */,
				54BE4347168B363000173763 /* ShowViewController.m in Sources */,
				543C52E4168CFC190079AB2C /* ScheduleNavigationController.m in Sources */,
				54917372168D2561003A60C0 /* NotificationsViewController.m in Sources */,
				54917375168D28C8003A60C0 /* NotificationNavigationController.m in Sources */,
				541E2C1C168DE7DD00479CCF /* WebRadioStream.m in Sources */,
				5436B56D168F1C7300590FD9 /* Shoutbox.m in Sources */,
				5436B576168F257900590FD9 /* ShoutboxViewController.m in Sources */,
				5436B579168F293F00590FD9 /* CustomButtons.m in Sources */,
			);
			runOnlyForDeploymentPostprocessing = 0;
		};
/* End PBXSourcesBuildPhase section */

/* Begin PBXVariantGroup section */
		5457347F16823953006459B8 /* InfoPlist.strings */ = {
			isa = PBXVariantGroup;
			children = (
				5457348016823953006459B8 /* en */,
			);
			name = InfoPlist.strings;
			sourceTree = "<group>";
		};
		5457348E16823953006459B8 /* MainStoryboard_iPhone.storyboard */ = {
			isa = PBXVariantGroup;
			children = (
				5457348F16823953006459B8 /* en */,
			);
			name = MainStoryboard_iPhone.storyboard;
			sourceTree = "<group>";
		};
		5457349116823953006459B8 /* MainStoryboard_iPad.storyboard */ = {
			isa = PBXVariantGroup;
			children = (
				5457349216823953006459B8 /* en */,
			);
			name = MainStoryboard_iPad.storyboard;
			sourceTree = "<group>";
		};
/* End PBXVariantGroup section */

/* Begin XCBuildConfiguration section */
		5457349716823953006459B8 /* Debug */ = {
			isa = XCBuildConfiguration;
			buildSettings = {
				ALWAYS_SEARCH_USER_PATHS = NO;
				CLANG_CXX_LANGUAGE_STANDARD = "gnu++0x";
				CLANG_CXX_LIBRARY = "libc++";
				CLANG_ENABLE_OBJC_ARC = YES;
				CLANG_WARN_EMPTY_BODY = YES;
				CLANG_WARN__DUPLICATE_METHOD_MATCH = YES;
				"CODE_SIGN_IDENTITY[sdk=iphoneos*]" = "iPhone Developer";
				COPY_PHASE_STRIP = NO;
				GCC_C_LANGUAGE_STANDARD = gnu99;
				GCC_DYNAMIC_NO_PIC = NO;
				GCC_OPTIMIZATION_LEVEL = 0;
				GCC_PREPROCESSOR_DEFINITIONS = (
					"DEBUG=1",
					"$(inherited)",
				);
				GCC_SYMBOLS_PRIVATE_EXTERN = NO;
				GCC_WARN_ABOUT_RETURN_TYPE = YES;
				GCC_WARN_UNINITIALIZED_AUTOS = YES;
				GCC_WARN_UNUSED_VARIABLE = YES;
				IPHONEOS_DEPLOYMENT_TARGET = 6.0;
				ONLY_ACTIVE_ARCH = YES;
				SDKROOT = iphoneos;
				TARGETED_DEVICE_FAMILY = "1,2";
			};
			name = Debug;
		};
		5457349816823953006459B8 /* Release */ = {
			isa = XCBuildConfiguration;
			buildSettings = {
				ALWAYS_SEARCH_USER_PATHS = NO;
				CLANG_CXX_LANGUAGE_STANDARD = "gnu++0x";
				CLANG_CXX_LIBRARY = "libc++";
				CLANG_ENABLE_OBJC_ARC = YES;
				CLANG_WARN_EMPTY_BODY = YES;
				CLANG_WARN__DUPLICATE_METHOD_MATCH = YES;
				"CODE_SIGN_IDENTITY[sdk=iphoneos*]" = "iPhone Developer";
				COPY_PHASE_STRIP = YES;
				GCC_C_LANGUAGE_STANDARD = gnu99;
				GCC_WARN_ABOUT_RETURN_TYPE = YES;
				GCC_WARN_UNINITIALIZED_AUTOS = YES;
				GCC_WARN_UNUSED_VARIABLE = YES;
				IPHONEOS_DEPLOYMENT_TARGET = 6.0;
				OTHER_CFLAGS = "-DNS_BLOCK_ASSERTIONS=1";
				SDKROOT = iphoneos;
				TARGETED_DEVICE_FAMILY = "1,2";
				VALIDATE_PRODUCT = YES;
			};
			name = Release;
		};
		5457349A16823953006459B8 /* Debug */ = {
			isa = XCBuildConfiguration;
			buildSettings = {
				CODE_SIGN_IDENTITY = "iPhone Developer";
				GCC_PRECOMPILE_PREFIX_HEADER = YES;
				GCC_PREFIX_HEADER = "junction11/junction11-Prefix.pch";
				INFOPLIST_FILE = "junction11/junction11-Info.plist";
				PRODUCT_NAME = "$(TARGET_NAME)";
				PROVISIONING_PROFILE = "";
				WRAPPER_EXTENSION = app;
			};
			name = Debug;
		};
		5457349B16823953006459B8 /* Release */ = {
			isa = XCBuildConfiguration;
			buildSettings = {
				CODE_SIGN_IDENTITY = "iPhone Distribution";
				"CODE_SIGN_IDENTITY[sdk=iphoneos*]" = "iPhone Distribution";
				GCC_PRECOMPILE_PREFIX_HEADER = YES;
				GCC_PREFIX_HEADER = "junction11/junction11-Prefix.pch";
				INFOPLIST_FILE = "junction11/junction11-Info.plist";
				PRODUCT_NAME = "$(TARGET_NAME)";
				PROVISIONING_PROFILE = "";
				"PROVISIONING_PROFILE[sdk=iphoneos*]" = "";
				WRAPPER_EXTENSION = app;
			};
			name = Release;
		};
/* End XCBuildConfiguration section */

/* Begin XCConfigurationList section */
		5457346C16823953006459B8 /* Build configuration list for PBXProject "junction11" */ = {
			isa = XCConfigurationList;
			buildConfigurations = (
				5457349716823953006459B8 /* Debug */,
				5457349816823953006459B8 /* Release */,
			);
			defaultConfigurationIsVisible = 0;
			defaultConfigurationName = Release;
		};
		5457349916823953006459B8 /* Build configuration list for PBXNativeTarget "junction11" */ = {
			isa = XCConfigurationList;
			buildConfigurations = (
				5457349A16823953006459B8 /* Debug */,
				5457349B16823953006459B8 /* Release */,
			);
			defaultConfigurationIsVisible = 0;
			defaultConfigurationName = Release;
		};
/* End XCConfigurationList section */
	};
	rootObject = 5457346916823953006459B8 /* Project object */;
}
